<?xml version="1.0" encoding="utf-8"?>
<Project ToolsVersion="4.0" xmlns="http://schemas.microsoft.com/developer/msbuild/2003">
  <ItemGroup>
    <Filter Include="Source Files">
      <UniqueIdentifier>{4FC737F1-C7A5-4376-A066-2A32D752A2FF}</UniqueIdentifier>
      <Extensions>cpp;c;cc;cxx;def;odl;idl;hpj;bat;asm;asmx</Extensions>
    </Filter>
    <Filter Include="Header Files">
      <UniqueIdentifier>{93995380-89BD-4b04-88EB-625FBE52EBFB}</UniqueIdentifier>
      <Extensions>h;hpp;hxx;hm;inl;inc;xsd</Extensions>
    </Filter>
    <Filter Include="Header Files\Shared">
      <UniqueIdentifier>{e3944954-e2e1-47bb-a807-9aa0b91bdf55}</UniqueIdentifier>
    </Filter>
    <Filter Include="Resource Files">
      <UniqueIdentifier>{67DA6AB6-F800-4c08-8B7A-83BB121AAD01}</UniqueIdentifier>
      <Extensions>rc;ico;cur;bmp;dlg;rc2;rct;bin;rgs;gif;jpg;jpeg;jpe;resx;tiff;tif;png;wav</Extensions>
    </Filter>
  </ItemGroup>
  <ItemGroup>
    <ClCompile Include="CObjMGR.cpp">
      <Filter>Source Files</Filter>
    </ClCompile>
    <ClCompile Include="RoseAPI.cpp">
      <Filter>Source Files</Filter>
    </ClCompile>
  </ItemGroup>
  <ItemGroup>
    <ClInclude Include="BuffTooltipHook.h">
      <Filter>Header Files</Filter>
    </ClInclude>
    <ClInclude Include="CallCharLuaFunc.hpp">
      <Filter>Header Files</Filter>
    </ClInclude>
    <ClInclude Include="CGameOBJ.h">
      <Filter>Header Files</Filter>
    </ClInclude>
    <ClInclude Include="CMAP.h">
      <Filter>Header Files</Filter>
    </ClInclude>
    <ClInclude Include="CObjMGR.h">
      <Filter>Header Files</Filter>
    </ClInclude>
    <ClInclude Include="CodeHook.h">
      <Filter>Header Files</Filter>
    </ClInclude>
    <ClInclude Include="CStore.h">
      <Filter>Header Files</Filter>
    </ClInclude>
    <ClInclude Include="CTERRAIN.h">
      <Filter>Header Files</Filter>
    </ClInclude>
    <ClInclude Include="D3DMatrix.h">
      <Filter>Header Files</Filter>
    </ClInclude>
    <ClInclude Include="DragItem.h">
      <Filter>Header Files</Filter>
    </ClInclude>
    <ClInclude Include="DrawImpl.h">
      <Filter>Header Files</Filter>
    </ClInclude>
    <ClInclude Include="FunctionPointer.h">
      <Filter>Header Files</Filter>
    </ClInclude>
    <ClInclude Include="Game.h">
      <Filter>Header Files</Filter>
    </ClInclude>
    <ClInclude Include="GetObjectIdxFromClientID.hpp">
      <Filter>Header Files</Filter>
    </ClInclude>
    <ClInclude Include="Hash.h">
      <Filter>Header Files</Filter>
    </ClInclude>
    <ClInclude Include="IconItem.h">
      <Filter>Header Files</Filter>
    </ClInclude>
    <ClInclude Include="IconManager.h">
      <Filter>Header Files</Filter>
    </ClInclude>
    <ClInclude Include="IconSkill.h">
      <Filter>Header Files</Filter>
    </ClInclude>
    <ClInclude Include="IT_MGR.h">
      <Filter>Header Files</Filter>
    </ClInclude>
    <ClInclude Include="KillHook.h">
      <Filter>Header Files</Filter>
    </ClInclude>
    <ClInclude Include="LoadConfigHook.h">
      <Filter>Header Files</Filter>
    </ClInclude>
    <ClInclude Include="MakeDialogsHook.h">
      <Filter>Header Files</Filter>
    </ClInclude>
    <ClInclude Include="NameColourHook.h">
      <Filter>Header Files</Filter>
    </ClInclude>
    <ClInclude Include="Packet.h">
      <Filter>Header Files</Filter>
    </ClInclude>
    <ClInclude Include="QuestFunctions.h">
      <Filter>Header Files</Filter>
    </ClInclude>
    <ClInclude Include="RecvPacketHook.h">
      <Filter>Header Files</Filter>
    </ClInclude>
    <ClInclude Include="RoseAPI.h">
      <Filter>Header Files</Filter>
    </ClInclude>
    <ClInclude Include="SaveConfigHook.h">
      <Filter>Header Files</Filter>
    </ClInclude>
    <ClInclude Include="SendPacket.h">
      <Filter>Header Files</Filter>
    </ClInclude>
    <ClInclude Include="SendPacketHook.h">
      <Filter>Header Files</Filter>
    </ClInclude>
    <ClInclude Include="Slot.h">
      <Filter>Header Files</Filter>
    </ClInclude>
    <ClInclude Include="STB.h">
      <Filter>Header Files</Filter>
    </ClInclude>
    <ClInclude Include="StringManager.h">
      <Filter>Header Files</Filter>
    </ClInclude>
    <ClInclude Include="tagHotICON.h">
      <Filter>Header Files</Filter>
    </ClInclude>
    <ClInclude Include="Tooltip.h">
      <Filter>Header Files</Filter>
    </ClInclude>
    <ClInclude Include="TooltipMGR.h">
      <Filter>Header Files</Filter>
    </ClInclude>
    <ClInclude Include="UIMediator.h">
      <Filter>Header Files</Filter>
    </ClInclude>
    <ClInclude Include="VirtualTable.h">
      <Filter>Header Files</Filter>
    </ClInclude>
    <ClInclude Include="..\Shared\Templates.hpp">
      <Filter>Header Files\Shared</Filter>
    </ClInclude>
    <ClInclude Include="ExternalUILobby.h">
      <Filter>Header Files</Filter>
    </ClInclude>
    <ClInclude Include="ExternalUIManager.h">
      <Filter>Header Files</Filter>
    </ClInclude>
    <ClInclude Include="Camera.h">
      <Filter>Header Files</Filter>
    </ClInclude>
    <ClInclude Include="CObjAI.h">
      <Filter>Header Files</Filter>
    </ClInclude>
    <ClInclude Include="Cai_lib.h">
      <Filter>Header Files</Filter>
    </ClInclude>
    <ClInclude Include="CObjUSER.h">
      <Filter>Header Files</Filter>
    </ClInclude>
    <ClInclude Include="CUserData.h">
      <Filter>Header Files</Filter>
    </ClInclude>
    <ClInclude Include="CObjCHAR.h">
      <Filter>Header Files</Filter>
    </ClInclude>
    <ClInclude Include="SkillSlot.h">
      <Filter>Header Files</Filter>
    </ClInclude>
    <ClInclude Include="Skill.h">
      <Filter>Header Files</Filter>
    </ClInclude>
    <ClInclude Include="FriendListItem.h">
      <Filter>Header Files</Filter>
    </ClInclude>
  </ItemGroup>
</Project>