<?xml version="1.0" encoding="utf-8"?>
<Project ToolsVersion="4.0" xmlns="http://schemas.microsoft.com/developer/msbuild/2003">
  <ItemGroup>
    <Filter Include="Source Files">
      <UniqueIdentifier>{4FC737F1-C7A5-4376-A066-2A32D752A2FF}</UniqueIdentifier>
      <Extensions>cpp;c;cc;cxx;def;odl;idl;hpj;bat;asm;asmx</Extensions>
    </Filter>
    <Filter Include="Header Files">
      <UniqueIdentifier>{93995380-89BD-4b04-88EB-625FBE52EBFB}</UniqueIdentifier>
      <Extensions>h;hpp;hxx;hm;inl;inc;xsd</Extensions>
    </Filter>
    <Filter Include="Resource Files">
      <UniqueIdentifier>{67DA6AB6-F800-4c08-8B7A-83BB121AAD01}</UniqueIdentifier>
      <Extensions>rc;ico;cur;bmp;dlg;rc2;rct;bin;rgs;gif;jpg;jpeg;jpe;resx;tiff;tif;png;wav</Extensions>
    </Filter>
  </ItemGroup>
  <ItemGroup>
    <ClCompile Include="IScrollModel.cpp">
      <Filter>Source Files</Filter>
    </ClCompile>
    <ClCompile Include="ITControl.cpp">
      <Filter>Source Files</Filter>
    </ClCompile>
    <ClCompile Include="JTable.cpp">
      <Filter>Source Files</Filter>
    </ClCompile>
    <ClCompile Include="ResourceMGR.cpp">
      <Filter>Source Files</Filter>
    </ClCompile>
    <ClCompile Include="TabbedPane.cpp">
      <Filter>Source Files</Filter>
    </ClCompile>
    <ClCompile Include="TButton.cpp">
      <Filter>Source Files</Filter>
    </ClCompile>
    <ClCompile Include="TCaption.cpp">
      <Filter>Source Files</Filter>
    </ClCompile>
    <ClCompile Include="TCheckBox.cpp">
      <Filter>Source Files</Filter>
    </ClCompile>
    <ClCompile Include="TComboBox.cpp">
      <Filter>Source Files</Filter>
    </ClCompile>
    <ClCompile Include="TCommand.cpp">
      <Filter>Source Files</Filter>
    </ClCompile>
    <ClCompile Include="TContainer.cpp">
      <Filter>Source Files</Filter>
    </ClCompile>
    <ClCompile Include="TDialog.cpp">
      <Filter>Source Files</Filter>
    </ClCompile>
    <ClCompile Include="TEditBox.cpp">
      <Filter>Source Files</Filter>
    </ClCompile>
    <ClCompile Include="TGuage.cpp">
      <Filter>Source Files</Filter>
    </ClCompile>
    <ClCompile Include="TImage.cpp">
      <Filter>Source Files</Filter>
    </ClCompile>
    <ClCompile Include="TListBox.cpp">
      <Filter>Source Files</Filter>
    </ClCompile>
    <ClCompile Include="TObject.cpp">
      <Filter>Source Files</Filter>
    </ClCompile>
    <ClCompile Include="TRadioBox.cpp">
      <Filter>Source Files</Filter>
    </ClCompile>
    <ClCompile Include="TRadioButton.cpp">
      <Filter>Source Files</Filter>
    </ClCompile>
    <ClCompile Include="TScrollBar.cpp">
      <Filter>Source Files</Filter>
    </ClCompile>
    <ClCompile Include="TScrollBox.cpp">
      <Filter>Source Files</Filter>
    </ClCompile>
    <ClCompile Include="TStatusBar.cpp">
      <Filter>Source Files</Filter>
    </ClCompile>
    <ClCompile Include="WinCtrl.cpp">
      <Filter>Source Files</Filter>
    </ClCompile>
    <ClCompile Include="ZListBox.cpp">
      <Filter>Source Files</Filter>
    </ClCompile>
  </ItemGroup>
  <ItemGroup>
    <ClInclude Include="ActionListenerList.h">
      <Filter>Header Files</Filter>
    </ClInclude>
    <ClInclude Include="IActionListener.h">
      <Filter>Header Files</Filter>
    </ClInclude>
    <ClInclude Include="IObserver.h">
      <Filter>Header Files</Filter>
    </ClInclude>
    <ClInclude Include="IScrollModel.h">
      <Filter>Header Files</Filter>
    </ClInclude>
    <ClInclude Include="ITControl.h">
      <Filter>Header Files</Filter>
    </ClInclude>
    <ClInclude Include="ITDraw.h">
      <Filter>Header Files</Filter>
    </ClInclude>
    <ClInclude Include="ITFont.h">
      <Filter>Header Files</Filter>
    </ClInclude>
    <ClInclude Include="JTable.h">
      <Filter>Header Files</Filter>
    </ClInclude>
    <ClInclude Include="ResourceMGR.h">
      <Filter>Header Files</Filter>
    </ClInclude>
    <ClInclude Include="SinglelineString.h">
      <Filter>Header Files</Filter>
    </ClInclude>
    <ClInclude Include="TabbedPane.h">
      <Filter>Header Files</Filter>
    </ClInclude>
    <ClInclude Include="TButton.h">
      <Filter>Header Files</Filter>
    </ClInclude>
    <ClInclude Include="TCaption.h">
      <Filter>Header Files</Filter>
    </ClInclude>
    <ClInclude Include="TCheckBox.h">
      <Filter>Header Files</Filter>
    </ClInclude>
    <ClInclude Include="TComboBox.h">
      <Filter>Header Files</Filter>
    </ClInclude>
    <ClInclude Include="TCommand.h">
      <Filter>Header Files</Filter>
    </ClInclude>
    <ClInclude Include="TCommandQ.h">
      <Filter>Header Files</Filter>
    </ClInclude>
    <ClInclude Include="TContainer.h">
      <Filter>Header Files</Filter>
    </ClInclude>
    <ClInclude Include="TDialog.h">
      <Filter>Header Files</Filter>
    </ClInclude>
    <ClInclude Include="TEditBox.h">
      <Filter>Header Files</Filter>
    </ClInclude>
    <ClInclude Include="TGameCtrl.h">
      <Filter>Header Files</Filter>
    </ClInclude>
    <ClInclude Include="TGuage.h">
      <Filter>Header Files</Filter>
    </ClInclude>
    <ClInclude Include="TImage.h">
      <Filter>Header Files</Filter>
    </ClInclude>
    <ClInclude Include="TListBox.h">
      <Filter>Header Files</Filter>
    </ClInclude>
    <ClInclude Include="TObject.h">
      <Filter>Header Files</Filter>
    </ClInclude>
    <ClInclude Include="TPane.h">
      <Filter>Header Files</Filter>
    </ClInclude>
    <ClInclude Include="TRadioBox.h">
      <Filter>Header Files</Filter>
    </ClInclude>
    <ClInclude Include="TRadioButton.h">
      <Filter>Header Files</Filter>
    </ClInclude>
    <ClInclude Include="TScrollBar.h">
      <Filter>Header Files</Filter>
    </ClInclude>
    <ClInclude Include="TScrollBarType.h">
      <Filter>Header Files</Filter>
    </ClInclude>
    <ClInclude Include="TScrollBox.h">
      <Filter>Header Files</Filter>
    </ClInclude>
    <ClInclude Include="TStatusBar.h">
      <Filter>Header Files</Filter>
    </ClInclude>
    <ClInclude Include="WinCtrl.h">
      <Filter>Header Files</Filter>
    </ClInclude>
    <ClInclude Include="ZListBox.h">
      <Filter>Header Files</Filter>
    </ClInclude>
  </ItemGroup>
</Project>